
Microsoft Visual Studio Solution File, Format Version 12.00
# Visual Studio Version 17
VisualStudioVersion = 17.5.002.0
MinimumVisualStudioVersion = 10.0.40219.1
Project("{9A19103F-16F7-4668-BE54-9A1E7A4F7556}") = "ZincApi", "ZincApi.csproj", "{E2F76D06-792A-42EB-B603-929A20C84777}"
EndProject
Global
	GlobalSection(SolutionConfigurationPlatforms) = preSolution
		Debug|Any CPU = Debug|Any CPU
		Release|Any CPU = Release|Any CPU
	EndGlobalSection
	GlobalSection(ProjectConfigurationPlatforms) = postSolution
		{E2F76D06-792A-42EB-B603-929A20C84777}.Debug|Any CPU.ActiveCfg = Debug|Any CPU
		{E2F76D06-792A-42EB-B603-929A20C84777}.Debug|Any CPU.Build.0 = Debug|Any CPU
		{E2F76D06-792A-42EB-B603-929A20C84777}.Release|Any CPU.ActiveCfg = Release|Any CPU
		{E2F76D06-792A-42EB-B603-929A20C84777}.Release|Any CPU.Build.0 = Release|Any CPU
	EndGlobalSection
	GlobalSection(SolutionProperties) = preSolution
		HideSolutionNode = FALSE
	EndGlobalSection
	GlobalSection(ExtensibilityGlobals) = postSolution
		SolutionGuid = {41F1AFDA-8BE1-48CF-A4E6-77EC3AE21829}
	EndGlobalSection
EndGlobal
